
Microsoft Visual Studio Solution File, Format Version 12.00
# Visual Studio Version 16
VisualStudioVersion = 16.0.29613.14
MinimumVisualStudioVersion = 10.0.40219.1
Project("{FAE04EC0-301F-11D3-BF4B-00C04F79EFBC}") = "INotfyPropertyErisildi3", "INotfyPropertyErisildi3\INotfyPropertyErisildi3.csproj", "{D78294FB-CAA3-4F1C-883B-A67FC9297593}"
EndProject
Global
	GlobalSection(SolutionConfigurationPlatforms) = preSolution
		Debug|Any CPU = Debug|Any CPU
		Release|Any CPU = Release|Any CPU
	EndGlobalSection
	GlobalSection(ProjectConfigurationPlatforms) = postSolution
		{D78294FB-CAA3-4F1C-883B-A67FC9297593}.Debug|Any CPU.ActiveCfg = Debug|Any CPU
		{D78294FB-CAA3-4F1C-883B-A67FC9297593}.Debug|Any CPU.Build.0 = Debug|Any CPU
		{D78294FB-CAA3-4F1C-883B-A67FC9297593}.Release|Any CPU.ActiveCfg = Release|Any CPU
		{D78294FB-CAA3-4F1C-883B-A67FC9297593}.Release|Any CPU.Build.0 = Release|Any CPU
	EndGlobalSection
	GlobalSection(SolutionProperties) = preSolution
		HideSolutionNode = FALSE
	EndGlobalSection
	GlobalSection(ExtensibilityGlobals) = postSolution
		SolutionGuid = {D425B42D-C2C0-41CD-8155-64D660F4F1C0}
	EndGlobalSection
EndGlobal
